// !$*UTF8*$!
{
	archiveVersion = 1;
	classes = {
	};
	objectVersion = 77;
	objects = {

/* Begin PBXBuildFile section */
		D48B60732CE66AC10088A332 /* FirebaseAnalytics in Frameworks */ = {isa = PBXBuildFile; productRef = D48B60722CE66AC10088A332 /* FirebaseAnalytics */; };
		D48B60752CE66AC10088A332 /* FirebaseAnalyticsOnDeviceConversion in Frameworks */ = {isa = PBXBuildFile; productRef = D48B60742CE66AC10088A332 /* FirebaseAnalyticsOnDeviceConversion */; };
		D48B60772CE66AC10088A332 /* FirebaseAnalyticsWithoutAdIdSupport in Frameworks */ = {isa = PBXBuildFile; productRef = D48B60762CE66AC10088A332 /* FirebaseAnalyticsWithoutAdIdSupport */; };
		D48B60792CE66AC10088A332 /* FirebaseAppCheck in Frameworks */ = {isa = PBXBuildFile; productRef = D48B60782CE66AC10088A332 /* FirebaseAppCheck */; };
		D48B607B2CE66AC10088A332 /* FirebaseAppDistribution-Beta in Frameworks */ = {isa = PBXBuildFile; productRef = D48B607A2CE66AC10088A332 /* FirebaseAppDistribution-Beta */; };
		D48B607D2CE66AC10088A332 /* FirebaseAuth in Frameworks */ = {isa = PBXBuildFile; productRef = D48B607C2CE66AC10088A332 /* FirebaseAuth */; };
		D48B607F2CE66AC10088A332 /* FirebaseAuthCombine-Community in Frameworks */ = {isa = PBXBuildFile; productRef = D48B607E2CE66AC10088A332 /* FirebaseAuthCombine-Community */; };
		D48B60812CE66AC10088A332 /* FirebaseCore in Frameworks */ = {isa = PBXBuildFile; productRef = D48B60802CE66AC10088A332 /* FirebaseCore */; };
		D48B60832CE66AC10088A332 /* FirebaseCrashlytics in Frameworks */ = {isa = PBXBuildFile; productRef = D48B60822CE66AC10088A332 /* FirebaseCrashlytics */; };
		D48B60852CE66AC10088A332 /* FirebaseDatabase in Frameworks */ = {isa = PBXBuildFile; productRef = D48B60842CE66AC10088A332 /* FirebaseDatabase */; };
		D48B60872CE66AC10088A332 /* FirebaseDynamicLinks in Frameworks */ = {isa = PBXBuildFile; productRef = D48B60862CE66AC10088A332 /* FirebaseDynamicLinks */; };
		D48B60892CE66AC10088A332 /* FirebaseFirestore in Frameworks */ = {isa = PBXBuildFile; productRef = D48B60882CE66AC10088A332 /* FirebaseFirestore */; };
		D48B608B2CE66AC10088A332 /* FirebaseFirestoreCombine-Community in Frameworks */ = {isa = PBXBuildFile; productRef = D48B608A2CE66AC10088A332 /* FirebaseFirestoreCombine-Community */; };
		D48B608D2CE66AC10088A332 /* FirebaseFunctions in Frameworks */ = {isa = PBXBuildFile; productRef = D48B608C2CE66AC10088A332 /* FirebaseFunctions */; };
		D48B608F2CE66AC10088A332 /* FirebaseFunctionsCombine-Community in Frameworks */ = {isa = PBXBuildFile; productRef = D48B608E2CE66AC10088A332 /* FirebaseFunctionsCombine-Community */; };
		D48B60912CE66AC10088A332 /* FirebaseInAppMessaging-Beta in Frameworks */ = {isa = PBXBuildFile; productRef = D48B60902CE66AC10088A332 /* FirebaseInAppMessaging-Beta */; };
		D48B60932CE66AC10088A332 /* FirebaseInstallations in Frameworks */ = {isa = PBXBuildFile; productRef = D48B60922CE66AC10088A332 /* FirebaseInstallations */; };
		D48B60952CE66AC10088A332 /* FirebaseMLModelDownloader in Frameworks */ = {isa = PBXBuildFile; productRef = D48B60942CE66AC10088A332 /* FirebaseMLModelDownloader */; };
		D48B60972CE66AC10088A332 /* FirebaseMessaging in Frameworks */ = {isa = PBXBuildFile; productRef = D48B60962CE66AC10088A332 /* FirebaseMessaging */; };
		D48B60992CE66AC10088A332 /* FirebasePerformance in Frameworks */ = {isa = PBXBuildFile; productRef = D48B60982CE66AC10088A332 /* FirebasePerformance */; };
		D48B609B2CE66AC10088A332 /* FirebaseRemoteConfig in Frameworks */ = {isa = PBXBuildFile; productRef = D48B609A2CE66AC10088A332 /* FirebaseRemoteConfig */; };
		D48B609D2CE66AC10088A332 /* FirebaseStorage in Frameworks */ = {isa = PBXBuildFile; productRef = D48B609C2CE66AC10088A332 /* FirebaseStorage */; };
		D48B609F2CE66AC10088A332 /* FirebaseStorageCombine-Community in Frameworks */ = {isa = PBXBuildFile; productRef = D48B609E2CE66AC10088A332 /* FirebaseStorageCombine-Community */; };
		D48B60A12CE66AC10088A332 /* FirebaseVertexAI in Frameworks */ = {isa = PBXBuildFile; productRef = D48B60A02CE66AC10088A332 /* FirebaseVertexAI */; };
/* End PBXBuildFile section */

/* Begin PBXFileReference section */
		D48B60602CE669E10088A332 /* ToDoListApp.app */ = {isa = PBXFileReference; explicitFileType = wrapper.application; includeInIndex = 0; path = ToDoListApp.app; sourceTree = BUILT_PRODUCTS_DIR; };
/* End PBXFileReference section */

/* Begin PBXFileSystemSynchronizedRootGroup section */
		D48B60622CE669E10088A332 /* ToDoListApp */ = {
			isa = PBXFileSystemSynchronizedRootGroup;
			path = ToDoListApp;
			sourceTree = "<group>";
		};
/* End PBXFileSystemSynchronizedRootGroup section */

/* Begin PBXFrameworksBuildPhase section */
		D48B605D2CE669E10088A332 /* Frameworks */ = {
			isa = PBXFrameworksBuildPhase;
			buildActionMask = 2147483647;
			files = (
				D48B608B2CE66AC10088A332 /* FirebaseFirestoreCombine-Community in Frameworks */,
				D48B60A12CE66AC10088A332 /* FirebaseVertexAI in Frameworks */,
				D48B608D2CE66AC10088A332 /* FirebaseFunctions in Frameworks */,
				D48B60992CE66AC10088A332 /* FirebasePerformance in Frameworks */,
				D48B609F2CE66AC10088A332 /* FirebaseStorageCombine-Community in Frameworks */,
				D48B609B2CE66AC10088A332 /* FirebaseRemoteConfig in Frameworks */,
				D48B60852CE66AC10088A332 /* FirebaseDatabase in Frameworks */,
				D48B60872CE66AC10088A332 /* FirebaseDynamicLinks in Frameworks */,
				D48B60792CE66AC10088A332 /* FirebaseAppCheck in Frameworks */,
				D48B607D2CE66AC10088A332 /* FirebaseAuth in Frameworks */,
				D48B60732CE66AC10088A332 /* FirebaseAnalytics in Frameworks */,
				D48B60892CE66AC10088A332 /* FirebaseFirestore in Frameworks */,
				D48B60972CE66AC10088A332 /* FirebaseMessaging in Frameworks */,
				D48B60932CE66AC10088A332 /* FirebaseInstallations in Frameworks */,
				D48B608F2CE66AC10088A332 /* FirebaseFunctionsCombine-Community in Frameworks */,
				D48B607B2CE66AC10088A332 /* FirebaseAppDistribution-Beta in Frameworks */,
				D48B60772CE66AC10088A332 /* FirebaseAnalyticsWithoutAdIdSupport in Frameworks */,
				D48B60912CE66AC10088A332 /* FirebaseInAppMessaging-Beta in Frameworks */,
				D48B607F2CE66AC10088A332 /* FirebaseAuthCombine-Community in Frameworks */,
				D48B60832CE66AC10088A332 /* FirebaseCrashlytics in Frameworks */,
				D48B60952CE66AC10088A332 /* FirebaseMLModelDownloader in Frameworks */,
				D48B609D2CE66AC10088A332 /* FirebaseStorage in Frameworks */,
				D48B60812CE66AC10088A332 /* FirebaseCore in Frameworks */,
				D48B60752CE66AC10088A332 /* FirebaseAnalyticsOnDeviceConversion in Frameworks */,
			);
			runOnlyForDeploymentPostprocessing = 0;
		};
/* End PBXFrameworksBuildPhase section */

/* Begin PBXGroup section */
		D48B60572CE669E10088A332 = {
			isa = PBXGroup;
			children = (
				D48B60622CE669E10088A332 /* ToDoListApp */,
				D48B60612CE669E10088A332 /* Products */,
			);
			sourceTree = "<group>";
		};
		D48B60612CE669E10088A332 /* Products */ = {
			isa = PBXGroup;
			children = (
				D48B60602CE669E10088A332 /* ToDoListApp.app */,
			);
			name = Products;
			sourceTree = "<group>";
		};
/* End PBXGroup section */

/* Begin PBXNativeTarget section */
		D48B605F2CE669E10088A332 /* ToDoListApp */ = {
			isa = PBXNativeTarget;
			buildConfigurationList = D48B606E2CE669E50088A332 /* Build configuration list for PBXNativeTarget "ToDoListApp" */;
			buildPhases = (
				D48B605C2CE669E10088A332 /* Sources */,
				D48B605D2CE669E10088A332 /* Frameworks */,
				D48B605E2CE669E10088A332 /* Resources */,
			);
			buildRules = (
			);
			dependencies = (
			);
			fileSystemSynchronizedGroups = (
				D48B60622CE669E10088A332 /* ToDoListApp */,
			);
			name = ToDoListApp;
			packageProductDependencies = (
				D48B60722CE66AC10088A332 /* FirebaseAnalytics */,
				D48B60742CE66AC10088A332 /* FirebaseAnalyticsOnDeviceConversion */,
				D48B60762CE66AC10088A332 /* FirebaseAnalyticsWithoutAdIdSupport */,
				D48B60782CE66AC10088A332 /* FirebaseAppCheck */,
				D48B607A2CE66AC10088A332 /* FirebaseAppDistribution-Beta */,
				D48B607C2CE66AC10088A332 /* FirebaseAuth */,
				D48B607E2CE66AC10088A332 /* FirebaseAuthCombine-Community */,
				D48B60802CE66AC10088A332 /* FirebaseCore */,
				D48B60822CE66AC10088A332 /* FirebaseCrashlytics */,
				D48B60842CE66AC10088A332 /* FirebaseDatabase */,
				D48B60862CE66AC10088A332 /* FirebaseDynamicLinks */,
				D48B60882CE66AC10088A332 /* FirebaseFirestore */,
				D48B608A2CE66AC10088A332 /* FirebaseFirestoreCombine-Community */,
				D48B608C2CE66AC10088A332 /* FirebaseFunctions */,
				D48B608E2CE66AC10088A332 /* FirebaseFunctionsCombine-Community */,
				D48B60902CE66AC10088A332 /* FirebaseInAppMessaging-Beta */,
				D48B60922CE66AC10088A332 /* FirebaseInstallations */,
				D48B60942CE66AC10088A332 /* FirebaseMLModelDownloader */,
				D48B60962CE66AC10088A332 /* FirebaseMessaging */,
				D48B60982CE66AC10088A332 /* FirebasePerformance */,
				D48B609A2CE66AC10088A332 /* FirebaseRemoteConfig */,
				D48B609C2CE66AC10088A332 /* FirebaseStorage */,
				D48B609E2CE66AC10088A332 /* FirebaseStorageCombine-Community */,
				D48B60A02CE66AC10088A332 /* FirebaseVertexAI */,
			);
			productName = ToDoListApp;
			productReference = D48B60602CE669E10088A332 /* ToDoListApp.app */;
			productType = "com.apple.product-type.application";
		};
/* End PBXNativeTarget section */

/* Begin PBXProject section */
		D48B60582CE669E10088A332 /* Project object */ = {
			isa = PBXProject;
			attributes = {
				BuildIndependentTargetsInParallel = 1;
				LastSwiftUpdateCheck = 1600;
				LastUpgradeCheck = 1600;
				TargetAttributes = {
					D48B605F2CE669E10088A332 = {
						CreatedOnToolsVersion = 16.0;
					};
				};
			};
			buildConfigurationList = D48B605B2CE669E10088A332 /* Build configuration list for PBXProject "ToDoListApp" */;
			developmentRegion = en;
			hasScannedForEncodings = 0;
			knownRegions = (
				en,
				Base,
			);
			mainGroup = D48B60572CE669E10088A332;
			minimizedProjectReferenceProxies = 1;
			packageReferences = (
				D48B60712CE66AC10088A332 /* XCRemoteSwiftPackageReference "firebase-ios-sdk" */,
			);
			preferredProjectObjectVersion = 77;
			productRefGroup = D48B60612CE669E10088A332 /* Products */;
			projectDirPath = "";
			projectRoot = "";
			targets = (
				D48B605F2CE669E10088A332 /* ToDoListApp */,
			);
		};
/* End PBXProject section */

/* Begin PBXResourcesBuildPhase section */
		D48B605E2CE669E10088A332 /* Resources */ = {
			isa = PBXResourcesBuildPhase;
			buildActionMask = 2147483647;
			files = (
			);
			runOnlyForDeploymentPostprocessing = 0;
		};
/* End PBXResourcesBuildPhase section */

/* Begin PBXSourcesBuildPhase section */
		D48B605C2CE669E10088A332 /* Sources */ = {
			isa = PBXSourcesBuildPhase;
			buildActionMask = 2147483647;
			files = (
			);
			runOnlyForDeploymentPostprocessing = 0;
		};
/* End PBXSourcesBuildPhase section */

/* Begin XCBuildConfiguration section */
		D48B606C2CE669E50088A332 /* Debug */ = {
			isa = XCBuildConfiguration;
			buildSettings = {
				ALWAYS_SEARCH_USER_PATHS = NO;
				ASSETCATALOG_COMPILER_GENERATE_SWIFT_ASSET_SYMBOL_EXTENSIONS = YES;
				CLANG_ANALYZER_NONNULL = YES;
				CLANG_ANALYZER_NUMBER_OBJECT_CONVERSION = YES_AGGRESSIVE;
				CLANG_CXX_LANGUAGE_STANDARD = "gnu++20";
				CLANG_ENABLE_MODULES = YES;
				CLANG_ENABLE_OBJC_ARC = YES;
				CLANG_ENABLE_OBJC_WEAK = YES;
				CLANG_WARN_BLOCK_CAPTURE_AUTORELEASING = YES;
				CLANG_WARN_BOOL_CONVERSION = YES;
				CLANG_WARN_COMMA = YES;
				CLANG_WARN_CONSTANT_CONVERSION = YES;
				CLANG_WARN_DEPRECATED_OBJC_IMPLEMENTATIONS = YES;
				CLANG_WARN_DIRECT_OBJC_ISA_USAGE = YES_ERROR;
				CLANG_WARN_DOCUMENTATION_COMMENTS = YES;
				CLANG_WARN_EMPTY_BODY = YES;
				CLANG_WARN_ENUM_CONVERSION = YES;
				CLANG_WARN_INFINITE_RECURSION = YES;
				CLANG_WARN_INT_CONVERSION = YES;
				CLANG_WARN_NON_LITERAL_NULL_CONVERSION = YES;
				CLANG_WARN_OBJC_IMPLICIT_RETAIN_SELF = YES;
				CLANG_WARN_OBJC_LITERAL_CONVERSION = YES;
				CLANG_WARN_OBJC_ROOT_CLASS = YES_ERROR;
				CLANG_WARN_QUOTED_INCLUDE_IN_FRAMEWORK_HEADER = YES;
				CLANG_WARN_RANGE_LOOP_ANALYSIS = YES;
				CLANG_WARN_STRICT_PROTOTYPES = YES;
				CLANG_WARN_SUSPICIOUS_MOVE = YES;
				CLANG_WARN_UNGUARDED_AVAILABILITY = YES_AGGRESSIVE;
				CLANG_WARN_UNREACHABLE_CODE = YES;
				CLANG_WARN__DUPLICATE_METHOD_MATCH = YES;
				COPY_PHASE_STRIP = NO;
				DEBUG_INFORMATION_FORMAT = dwarf;
				ENABLE_STRICT_OBJC_MSGSEND = YES;
				ENABLE_TESTABILITY = YES;
				ENABLE_USER_SCRIPT_SANDBOXING = YES;
				GCC_C_LANGUAGE_STANDARD = gnu17;
				GCC_DYNAMIC_NO_PIC = NO;
				GCC_NO_COMMON_BLOCKS = YES;
				GCC_OPTIMIZATION_LEVEL = 0;
				GCC_PREPROCESSOR_DEFINITIONS = (
					"DEBUG=1",
					"$(inherited)",
				);
				GCC_WARN_64_TO_32_BIT_CONVERSION = YES;
				GCC_WARN_ABOUT_RETURN_TYPE = YES_ERROR;
				GCC_WARN_UNDECLARED_SELECTOR = YES;
				GCC_WARN_UNINITIALIZED_AUTOS = YES_AGGRESSIVE;
				GCC_WARN_UNUSED_FUNCTION = YES;
				GCC_WARN_UNUSED_VARIABLE = YES;
				IPHONEOS_DEPLOYMENT_TARGET = 18.0;
				LOCALIZATION_PREFERS_STRING_CATALOGS = YES;
				MTL_ENABLE_DEBUG_INFO = INCLUDE_SOURCE;
				MTL_FAST_MATH = YES;
				ONLY_ACTIVE_ARCH = YES;
				SDKROOT = iphoneos;
				SWIFT_ACTIVE_COMPILATION_CONDITIONS = "DEBUG $(inherited)";
				SWIFT_OPTIMIZATION_LEVEL = "-Onone";
			};
			name = Debug;
		};
		D48B606D2CE669E50088A332 /* Release */ = {
			isa = XCBuildConfiguration;
			buildSettings = {
				ALWAYS_SEARCH_USER_PATHS = NO;
				ASSETCATALOG_COMPILER_GENERATE_SWIFT_ASSET_SYMBOL_EXTENSIONS = YES;
				CLANG_ANALYZER_NONNULL = YES;
				CLANG_ANALYZER_NUMBER_OBJECT_CONVERSION = YES_AGGRESSIVE;
				CLANG_CXX_LANGUAGE_STANDARD = "gnu++20";
				CLANG_ENABLE_MODULES = YES;
				CLANG_ENABLE_OBJC_ARC = YES;
				CLANG_ENABLE_OBJC_WEAK = YES;
				CLANG_WARN_BLOCK_CAPTURE_AUTORELEASING = YES;
				CLANG_WARN_BOOL_CONVERSION = YES;
				CLANG_WARN_COMMA = YES;
				CLANG_WARN_CONSTANT_CONVERSION = YES;
				CLANG_WARN_DEPRECATED_OBJC_IMPLEMENTATIONS = YES;
				CLANG_WARN_DIRECT_OBJC_ISA_USAGE = YES_ERROR;
				CLANG_WARN_DOCUMENTATION_COMMENTS = YES;
				CLANG_WARN_EMPTY_BODY = YES;
				CLANG_WARN_ENUM_CONVERSION = YES;
				CLANG_WARN_INFINITE_RECURSION = YES;
				CLANG_WARN_INT_CONVERSION = YES;
				CLANG_WARN_NON_LITERAL_NULL_CONVERSION = YES;
				CLANG_WARN_OBJC_IMPLICIT_RETAIN_SELF = YES;
				CLANG_WARN_OBJC_LITERAL_CONVERSION = YES;
				CLANG_WARN_OBJC_ROOT_CLASS = YES_ERROR;
				CLANG_WARN_QUOTED_INCLUDE_IN_FRAMEWORK_HEADER = YES;
				CLANG_WARN_RANGE_LOOP_ANALYSIS = YES;
				CLANG_WARN_STRICT_PROTOTYPES = YES;
				CLANG_WARN_SUSPICIOUS_MOVE = YES;
				CLANG_WARN_UNGUARDED_AVAILABILITY = YES_AGGRESSIVE;
				CLANG_WARN_UNREACHABLE_CODE = YES;
				CLANG_WARN__DUPLICATE_METHOD_MATCH = YES;
				COPY_PHASE_STRIP = NO;
				DEBUG_INFORMATION_FORMAT = "dwarf-with-dsym";
				ENABLE_NS_ASSERTIONS = NO;
				ENABLE_STRICT_OBJC_MSGSEND = YES;
				ENABLE_USER_SCRIPT_SANDBOXING = YES;
				GCC_C_LANGUAGE_STANDARD = gnu17;
				GCC_NO_COMMON_BLOCKS = YES;
				GCC_WARN_64_TO_32_BIT_CONVERSION = YES;
				GCC_WARN_ABOUT_RETURN_TYPE = YES_ERROR;
				GCC_WARN_UNDECLARED_SELECTOR = YES;
				GCC_WARN_UNINITIALIZED_AUTOS = YES_AGGRESSIVE;
				GCC_WARN_UNUSED_FUNCTION = YES;
				GCC_WARN_UNUSED_VARIABLE = YES;
				IPHONEOS_DEPLOYMENT_TARGET = 18.0;
				LOCALIZATION_PREFERS_STRING_CATALOGS = YES;
				MTL_ENABLE_DEBUG_INFO = NO;
				MTL_FAST_MATH = YES;
				SDKROOT = iphoneos;
				SWIFT_COMPILATION_MODE = wholemodule;
				VALIDATE_PRODUCT = YES;
			};
			name = Release;
		};
		D48B606F2CE669E50088A332 /* Debug */ = {
			isa = XCBuildConfiguration;
			buildSettings = {
				ASSETCATALOG_COMPILER_APPICON_NAME = AppIcon;
				ASSETCATALOG_COMPILER_GLOBAL_ACCENT_COLOR_NAME = AccentColor;
				CODE_SIGN_STYLE = Automatic;
				CURRENT_PROJECT_VERSION = 1;
				DEVELOPMENT_ASSET_PATHS = "\"ToDoListApp/Preview Content\"";
				ENABLE_PREVIEWS = YES;
				GENERATE_INFOPLIST_FILE = YES;
				INFOPLIST_KEY_UIApplicationSceneManifest_Generation = YES;
				INFOPLIST_KEY_UIApplicationSupportsIndirectInputEvents = YES;
				INFOPLIST_KEY_UILaunchScreen_Generation = YES;
				INFOPLIST_KEY_UISupportedInterfaceOrientations_iPad = "UIInterfaceOrientationPortrait UIInterfaceOrientationPortraitUpsideDown UIInterfaceOrientationLandscapeLeft UIInterfaceOrientationLandscapeRight";
				INFOPLIST_KEY_UISupportedInterfaceOrientations_iPhone = "UIInterfaceOrientationPortrait UIInterfaceOrientationLandscapeLeft UIInterfaceOrientationLandscapeRight";
				LD_RUNPATH_SEARCH_PATHS = (
					"$(inherited)",
					"@executable_path/Frameworks",
				);
				MARKETING_VERSION = 1.0;
				PRODUCT_BUNDLE_IDENTIFIER = com.jacqueline.ToDoListApp;
				PRODUCT_NAME = "$(TARGET_NAME)";
				SWIFT_EMIT_LOC_STRINGS = YES;
				SWIFT_VERSION = 5.0;
				TARGETED_DEVICE_FAMILY = "1,2";
			};
			name = Debug;
		};
		D48B60702CE669E50088A332 /* Release */ = {
			isa = XCBuildConfiguration;
			buildSettings = {
				ASSETCATALOG_COMPILER_APPICON_NAME = AppIcon;
				ASSETCATALOG_COMPILER_GLOBAL_ACCENT_COLOR_NAME = AccentColor;
				CODE_SIGN_STYLE = Automatic;
				CURRENT_PROJECT_VERSION = 1;
				DEVELOPMENT_ASSET_PATHS = "\"ToDoListApp/Preview Content\"";
				ENABLE_PREVIEWS = YES;
				GENERATE_INFOPLIST_FILE = YES;
				INFOPLIST_KEY_UIApplicationSceneManifest_Generation = YES;
				INFOPLIST_KEY_UIApplicationSupportsIndirectInputEvents = YES;
				INFOPLIST_KEY_UILaunchScreen_Generation = YES;
				INFOPLIST_KEY_UISupportedInterfaceOrientations_iPad = "UIInterfaceOrientationPortrait UIInterfaceOrientationPortraitUpsideDown UIInterfaceOrientationLandscapeLeft UIInterfaceOrientationLandscapeRight";
				INFOPLIST_KEY_UISupportedInterfaceOrientations_iPhone = "UIInterfaceOrientationPortrait UIInterfaceOrientationLandscapeLeft UIInterfaceOrientationLandscapeRight";
				LD_RUNPATH_SEARCH_PATHS = (
					"$(inherited)",
					"@executable_path/Frameworks",
				);
				MARKETING_VERSION = 1.0;
				PRODUCT_BUNDLE_IDENTIFIER = com.jacqueline.ToDoListApp;
				PRODUCT_NAME = "$(TARGET_NAME)";
				SWIFT_EMIT_LOC_STRINGS = YES;
				SWIFT_VERSION = 5.0;
				TARGETED_DEVICE_FAMILY = "1,2";
			};
			name = Release;
		};
/* End XCBuildConfiguration section */

/* Begin XCConfigurationList section */
		D48B605B2CE669E10088A332 /* Build configuration list for PBXProject "ToDoListApp" */ = {
			isa = XCConfigurationList;
			buildConfigurations = (
				D48B606C2CE669E50088A332 /* Debug */,
				D48B606D2CE669E50088A332 /* Release */,
			);
			defaultConfigurationIsVisible = 0;
			defaultConfigurationName = Release;
		};
		D48B606E2CE669E50088A332 /* Build configuration list for PBXNativeTarget "ToDoListApp" */ = {
			isa = XCConfigurationList;
			buildConfigurations = (
				D48B606F2CE669E50088A332 /* Debug */,
				D48B60702CE669E50088A332 /* Release */,
			);
			defaultConfigurationIsVisible = 0;
			defaultConfigurationName = Release;
		};
/* End XCConfigurationList section */

/* Begin XCRemoteSwiftPackageReference section */
		D48B60712CE66AC10088A332 /* XCRemoteSwiftPackageReference "firebase-ios-sdk" */ = {
			isa = XCRemoteSwiftPackageReference;
			repositoryURL = "https://github.com/firebase/firebase-ios-sdk";
			requirement = {
				kind = upToNextMajorVersion;
				minimumVersion = 11.5.0;
			};
		};
/* End XCRemoteSwiftPackageReference section */

/* Begin XCSwiftPackageProductDependency section */
		D48B60722CE66AC10088A332 /* FirebaseAnalytics */ = {
			isa = XCSwiftPackageProductDependency;
			package = D48B60712CE66AC10088A332 /* XCRemoteSwiftPackageReference "firebase-ios-sdk" */;
			productName = FirebaseAnalytics;
		};
		D48B60742CE66AC10088A332 /* FirebaseAnalyticsOnDeviceConversion */ = {
			isa = XCSwiftPackageProductDependency;
			package = D48B60712CE66AC10088A332 /* XCRemoteSwiftPackageReference "firebase-ios-sdk" */;
			productName = FirebaseAnalyticsOnDeviceConversion;
		};
		D48B60762CE66AC10088A332 /* FirebaseAnalyticsWithoutAdIdSupport */ = {
			isa = XCSwiftPackageProductDependency;
			package = D48B60712CE66AC10088A332 /* XCRemoteSwiftPackageReference "firebase-ios-sdk" */;
			productName = FirebaseAnalyticsWithoutAdIdSupport;
		};
		D48B60782CE66AC10088A332 /* FirebaseAppCheck */ = {
			isa = XCSwiftPackageProductDependency;
			package = D48B60712CE66AC10088A332 /* XCRemoteSwiftPackageReference "firebase-ios-sdk" */;
			productName = FirebaseAppCheck;
		};
		D48B607A2CE66AC10088A332 /* FirebaseAppDistribution-Beta */ = {
			isa = XCSwiftPackageProductDependency;
			package = D48B60712CE66AC10088A332 /* XCRemoteSwiftPackageReference "firebase-ios-sdk" */;
			productName = "FirebaseAppDistribution-Beta";
		};
		D48B607C2CE66AC10088A332 /* FirebaseAuth */ = {
			isa = XCSwiftPackageProductDependency;
			package = D48B60712CE66AC10088A332 /* XCRemoteSwiftPackageReference "firebase-ios-sdk" */;
			productName = FirebaseAuth;
		};
		D48B607E2CE66AC10088A332 /* FirebaseAuthCombine-Community */ = {
			isa = XCSwiftPackageProductDependency;
			package = D48B60712CE66AC10088A332 /* XCRemoteSwiftPackageReference "firebase-ios-sdk" */;
			productName = "FirebaseAuthCombine-Community";
		};
		D48B60802CE66AC10088A332 /* FirebaseCore */ = {
			isa = XCSwiftPackageProductDependency;
			package = D48B60712CE66AC10088A332 /* XCRemoteSwiftPackageReference "firebase-ios-sdk" */;
			productName = FirebaseCore;
		};
		D48B60822CE66AC10088A332 /* FirebaseCrashlytics */ = {
			isa = XCSwiftPackageProductDependency;
			package = D48B60712CE66AC10088A332 /* XCRemoteSwiftPackageReference "firebase-ios-sdk" */;
			productName = FirebaseCrashlytics;
		};
		D48B60842CE66AC10088A332 /* FirebaseDatabase */ = {
			isa = XCSwiftPackageProductDependency;
			package = D48B60712CE66AC10088A332 /* XCRemoteSwiftPackageReference "firebase-ios-sdk" */;
			productName = FirebaseDatabase;
		};
		D48B60862CE66AC10088A332 /* FirebaseDynamicLinks */ = {
			isa = XCSwiftPackageProductDependency;
			package = D48B60712CE66AC10088A332 /* XCRemoteSwiftPackageReference "firebase-ios-sdk" */;
			productName = FirebaseDynamicLinks;
		};
		D48B60882CE66AC10088A332 /* FirebaseFirestore */ = {
			isa = XCSwiftPackageProductDependency;
			package = D48B60712CE66AC10088A332 /* XCRemoteSwiftPackageReference "firebase-ios-sdk" */;
			productName = FirebaseFirestore;
		};
		D48B608A2CE66AC10088A332 /* FirebaseFirestoreCombine-Community */ = {
			isa = XCSwiftPackageProductDependency;
			package = D48B60712CE66AC10088A332 /* XCRemoteSwiftPackageReference "firebase-ios-sdk" */;
			productName = "FirebaseFirestoreCombine-Community";
		};
		D48B608C2CE66AC10088A332 /* FirebaseFunctions */ = {
			isa = XCSwiftPackageProductDependency;
			package = D48B60712CE66AC10088A332 /* XCRemoteSwiftPackageReference "firebase-ios-sdk" */;
			productName = FirebaseFunctions;
		};
		D48B608E2CE66AC10088A332 /* FirebaseFunctionsCombine-Community */ = {
			isa = XCSwiftPackageProductDependency;
			package = D48B60712CE66AC10088A332 /* XCRemoteSwiftPackageReference "firebase-ios-sdk" */;
			productName = "FirebaseFunctionsCombine-Community";
		};
		D48B60902CE66AC10088A332 /* FirebaseInAppMessaging-Beta */ = {
			isa = XCSwiftPackageProductDependency;
			package = D48B60712CE66AC10088A332 /* XCRemoteSwiftPackageReference "firebase-ios-sdk" */;
			productName = "FirebaseInAppMessaging-Beta";
		};
		D48B60922CE66AC10088A332 /* FirebaseInstallations */ = {
			isa = XCSwiftPackageProductDependency;
			package = D48B60712CE66AC10088A332 /* XCRemoteSwiftPackageReference "firebase-ios-sdk" */;
			productName = FirebaseInstallations;
		};
		D48B60942CE66AC10088A332 /* FirebaseMLModelDownloader */ = {
			isa = XCSwiftPackageProductDependency;
			package = D48B60712CE66AC10088A332 /* XCRemoteSwiftPackageReference "firebase-ios-sdk" */;
			productName = FirebaseMLModelDownloader;
		};
		D48B60962CE66AC10088A332 /* FirebaseMessaging */ = {
			isa = XCSwiftPackageProductDependency;
			package = D48B60712CE66AC10088A332 /* XCRemoteSwiftPackageReference "firebase-ios-sdk" */;
			productName = FirebaseMessaging;
		};
		D48B60982CE66AC10088A332 /* FirebasePerformance */ = {
			isa = XCSwiftPackageProductDependency;
			package = D48B60712CE66AC10088A332 /* XCRemoteSwiftPackageReference "firebase-ios-sdk" */;
			productName = FirebasePerformance;
		};
		D48B609A2CE66AC10088A332 /* FirebaseRemoteConfig */ = {
			isa = XCSwiftPackageProductDependency;
			package = D48B60712CE66AC10088A332 /* XCRemoteSwiftPackageReference "firebase-ios-sdk" */;
			productName = FirebaseRemoteConfig;
		};
		D48B609C2CE66AC10088A332 /* FirebaseStorage */ = {
			isa = XCSwiftPackageProductDependency;
			package = D48B60712CE66AC10088A332 /* XCRemoteSwiftPackageReference "firebase-ios-sdk" */;
			productName = FirebaseStorage;
		};
		D48B609E2CE66AC10088A332 /* FirebaseStorageCombine-Community */ = {
			isa = XCSwiftPackageProductDependency;
			package = D48B60712CE66AC10088A332 /* XCRemoteSwiftPackageReference "firebase-ios-sdk" */;
			productName = "FirebaseStorageCombine-Community";
		};
		D48B60A02CE66AC10088A332 /* FirebaseVertexAI */ = {
			isa = XCSwiftPackageProductDependency;
			package = D48B60712CE66AC10088A332 /* XCRemoteSwiftPackageReference "firebase-ios-sdk" */;
			productName = FirebaseVertexAI;
		};
/* End XCSwiftPackageProductDependency section */
	};
	rootObject = D48B60582CE669E10088A332 /* Project object */;
}
